// !$*UTF8*$!
{
	archiveVersion = 1;
	classes = {
	};
	objectVersion = 46;
	objects = {

/* Begin PBXBuildFile section */
		DBA2CA731C1264FA008256A4 /* AppDelegate.swift in Sources */ = {isa = PBXBuildFile; fileRef = DBA2CA721C1264FA008256A4 /* AppDelegate.swift */; };
		DBA2CA7A1C1264FA008256A4 /* Main.storyboard in Resources */ = {isa = PBXBuildFile; fileRef = DBA2CA781C1264FA008256A4 /* Main.storyboard */; };
		DBA2CA7C1C1264FA008256A4 /* Assets.xcassets in Resources */ = {isa = PBXBuildFile; fileRef = DBA2CA7B1C1264FA008256A4 /* Assets.xcassets */; };
		DBA2CA7F1C1264FA008256A4 /* LaunchScreen.storyboard in Resources */ = {isa = PBXBuildFile; fileRef = DBA2CA7D1C1264FA008256A4 /* LaunchScreen.storyboard */; };
		DBA2CA8A1C1264FA008256A4 /* LanocastTests.swift in Sources */ = {isa = PBXBuildFile; fileRef = DBA2CA891C1264FA008256A4 /* LanocastTests.swift */; };
		DBA2CA951C1264FA008256A4 /* LanocastUITests.swift in Sources */ = {isa = PBXBuildFile; fileRef = DBA2CA941C1264FA008256A4 /* LanocastUITests.swift */; };
		DBA2CAE21C1268B7008256A4 /* ViewController.swift in Sources */ = {isa = PBXBuildFile; fileRef = DBA2CAE11C1268B7008256A4 /* ViewController.swift */; };
		DBA2CAE41C126935008256A4 /* SignupViewController.swift in Sources */ = {isa = PBXBuildFile; fileRef = DBA2CAE31C126935008256A4 /* SignupViewController.swift */; };
		DBA2CAE61C126986008256A4 /* LoginViewController.swift in Sources */ = {isa = PBXBuildFile; fileRef = DBA2CAE51C126986008256A4 /* LoginViewController.swift */; };
		DBA2CAE81C1269B5008256A4 /* ProfileViewController.swift in Sources */ = {isa = PBXBuildFile; fileRef = DBA2CAE71C1269B5008256A4 /* ProfileViewController.swift */; };
		DBA2CAEA1C126A1D008256A4 /* NetworkingController.swift in Sources */ = {isa = PBXBuildFile; fileRef = DBA2CAE91C126A1D008256A4 /* NetworkingController.swift */; };
		DBA2CAEF1C126FB7008256A4 /* GalleryTableViewController.swift in Sources */ = {isa = PBXBuildFile; fileRef = DBA2CAEE1C126FB7008256A4 /* GalleryTableViewController.swift */; };
		DBA2CAF11C126FCB008256A4 /* ActivityTableViewController.swift in Sources */ = {isa = PBXBuildFile; fileRef = DBA2CAF01C126FCB008256A4 /* ActivityTableViewController.swift */; };
		DD1541C1E4D8608F02F8FA0A /* Pods_Lanocast.framework in Frameworks */ = {isa = PBXBuildFile; fileRef = 67D8113752A43D3570E5D7F3 /* Pods_Lanocast.framework */; };
/* End PBXBuildFile section */

/* Begin PBXContainerItemProxy section */
		DBA2CA861C1264FA008256A4 /* PBXContainerItemProxy */ = {
			isa = PBXContainerItemProxy;
			containerPortal = DBA2CA671C1264FA008256A4 /* Project object */;
			proxyType = 1;
			remoteGlobalIDString = DBA2CA6E1C1264FA008256A4;
			remoteInfo = Lanocast;
		};
		DBA2CA911C1264FA008256A4 /* PBXContainerItemProxy */ = {
			isa = PBXContainerItemProxy;
			containerPortal = DBA2CA671C1264FA008256A4 /* Project object */;
			proxyType = 1;
			remoteGlobalIDString = DBA2CA6E1C1264FA008256A4;
			remoteInfo = Lanocast;
		};
/* End PBXContainerItemProxy section */

/* Begin PBXFileReference section */
		67D8113752A43D3570E5D7F3 /* Pods_Lanocast.framework */ = {isa = PBXFileReference; explicitFileType = wrapper.framework; includeInIndex = 0; path = Pods_Lanocast.framework; sourceTree = BUILT_PRODUCTS_DIR; };
		D47A19277478359AE3792012 /* Pods-Lanocast.debug.xcconfig */ = {isa = PBXFileReference; includeInIndex = 1; lastKnownFileType = text.xcconfig; name = "Pods-Lanocast.debug.xcconfig"; path = "Pods/Target Support Files/Pods-Lanocast/Pods-Lanocast.debug.xcconfig"; sourceTree = "<group>"; };
		DBA2CA6F1C1264FA008256A4 /* Lanocast.app */ = {isa = PBXFileReference; explicitFileType = wrapper.application; includeInIndex = 0; path = Lanocast.app; sourceTree = BUILT_PRODUCTS_DIR; };
		DBA2CA721C1264FA008256A4 /* AppDelegate.swift */ = {isa = PBXFileReference; lastKnownFileType = sourcecode.swift; path = AppDelegate.swift; sourceTree = "<group>"; };
		DBA2CA791C1264FA008256A4 /* Base */ = {isa = PBXFileReference; lastKnownFileType = file.storyboard; name = Base; path = Base.lproj/Main.storyboard; sourceTree = "<group>"; };
		DBA2CA7B1C1264FA008256A4 /* Assets.xcassets */ = {isa = PBXFileReference; lastKnownFileType = folder.assetcatalog; name = Assets.xcassets; path = Lanocast/Assets.xcassets; sourceTree = "<group>"; };
		DBA2CA7E1C1264FA008256A4 /* Base */ = {isa = PBXFileReference; lastKnownFileType = file.storyboard; name = Base; path = Base.lproj/LaunchScreen.storyboard; sourceTree = "<group>"; };
		DBA2CA801C1264FA008256A4 /* Info.plist */ = {isa = PBXFileReference; lastKnownFileType = text.plist.xml; path = Info.plist; sourceTree = "<group>"; };
		DBA2CA851C1264FA008256A4 /* LanocastTests.xctest */ = {isa = PBXFileReference; explicitFileType = wrapper.cfbundle; includeInIndex = 0; path = LanocastTests.xctest; sourceTree = BUILT_PRODUCTS_DIR; };
		DBA2CA891C1264FA008256A4 /* LanocastTests.swift */ = {isa = PBXFileReference; lastKnownFileType = sourcecode.swift; path = LanocastTests.swift; sourceTree = "<group>"; };
		DBA2CA8B1C1264FA008256A4 /* Info.plist */ = {isa = PBXFileReference; lastKnownFileType = text.plist.xml; path = Info.plist; sourceTree = "<group>"; };
		DBA2CA901C1264FA008256A4 /* LanocastUITests.xctest */ = {isa = PBXFileReference; explicitFileType = wrapper.cfbundle; includeInIndex = 0; path = LanocastUITests.xctest; sourceTree = BUILT_PRODUCTS_DIR; };
		DBA2CA941C1264FA008256A4 /* LanocastUITests.swift */ = {isa = PBXFileReference; lastKnownFileType = sourcecode.swift; path = LanocastUITests.swift; sourceTree = "<group>"; };
		DBA2CA961C1264FA008256A4 /* Info.plist */ = {isa = PBXFileReference; lastKnownFileType = text.plist.xml; path = Info.plist; sourceTree = "<group>"; };
		DBA2CAE11C1268B7008256A4 /* ViewController.swift */ = {isa = PBXFileReference; fileEncoding = 4; lastKnownFileType = sourcecode.swift; name = ViewController.swift; path = Lanocast/ViewController.swift; sourceTree = "<group>"; };
		DBA2CAE31C126935008256A4 /* SignupViewController.swift */ = {isa = PBXFileReference; fileEncoding = 4; lastKnownFileType = sourcecode.swift; name = SignupViewController.swift; path = Lanocast/SignupViewController.swift; sourceTree = "<group>"; };
		DBA2CAE51C126986008256A4 /* LoginViewController.swift */ = {isa = PBXFileReference; fileEncoding = 4; lastKnownFileType = sourcecode.swift; name = LoginViewController.swift; path = Lanocast/LoginViewController.swift; sourceTree = "<group>"; };
		DBA2CAE71C1269B5008256A4 /* ProfileViewController.swift */ = {isa = PBXFileReference; fileEncoding = 4; lastKnownFileType = sourcecode.swift; name = ProfileViewController.swift; path = Lanocast/ProfileViewController.swift; sourceTree = "<group>"; };
		DBA2CAE91C126A1D008256A4 /* NetworkingController.swift */ = {isa = PBXFileReference; fileEncoding = 4; lastKnownFileType = sourcecode.swift; path = NetworkingController.swift; sourceTree = "<group>"; };
		DBA2CAEE1C126FB7008256A4 /* GalleryTableViewController.swift */ = {isa = PBXFileReference; fileEncoding = 4; lastKnownFileType = sourcecode.swift; path = GalleryTableViewController.swift; sourceTree = "<group>"; };
		DBA2CAF01C126FCB008256A4 /* ActivityTableViewController.swift */ = {isa = PBXFileReference; fileEncoding = 4; lastKnownFileType = sourcecode.swift; path = ActivityTableViewController.swift; sourceTree = "<group>"; };
		E38665C563C6D09F7D1F3248 /* Pods-Lanocast.release.xcconfig */ = {isa = PBXFileReference; includeInIndex = 1; lastKnownFileType = text.xcconfig; name = "Pods-Lanocast.release.xcconfig"; path = "Pods/Target Support Files/Pods-Lanocast/Pods-Lanocast.release.xcconfig"; sourceTree = "<group>"; };
/* End PBXFileReference section */

/* Begin PBXFrameworksBuildPhase section */
		DBA2CA6C1C1264FA008256A4 /* Frameworks */ = {
			isa = PBXFrameworksBuildPhase;
			buildActionMask = 2147483647;
			files = (
				DD1541C1E4D8608F02F8FA0A /* Pods_Lanocast.framework in Frameworks */,
			);
			runOnlyForDeploymentPostprocessing = 0;
		};
		DBA2CA821C1264FA008256A4 /* Frameworks */ = {
			isa = PBXFrameworksBuildPhase;
			buildActionMask = 2147483647;
			files = (
			);
			runOnlyForDeploymentPostprocessing = 0;
		};
		DBA2CA8D1C1264FA008256A4 /* Frameworks */ = {
			isa = PBXFrameworksBuildPhase;
			buildActionMask = 2147483647;
			files = (
			);
			runOnlyForDeploymentPostprocessing = 0;
		};
/* End PBXFrameworksBuildPhase section */

/* Begin PBXGroup section */
		DBA2CA661C1264FA008256A4 = {
			isa = PBXGroup;
			children = (
				DBA2CA711C1264FA008256A4 /* Lanocast */,
				DBA2CA881C1264FA008256A4 /* LanocastTests */,
				DBA2CA931C1264FA008256A4 /* LanocastUITests */,
				DBA2CA701C1264FA008256A4 /* Products */,
				E2F8CDB8E44BC84EF0EE972D /* Pods */,
				F5C22FEEA5363B24842CDB7F /* Frameworks */,
			);
			sourceTree = "<group>";
		};
		DBA2CA701C1264FA008256A4 /* Products */ = {
			isa = PBXGroup;
			children = (
				DBA2CA6F1C1264FA008256A4 /* Lanocast.app */,
				DBA2CA851C1264FA008256A4 /* LanocastTests.xctest */,
				DBA2CA901C1264FA008256A4 /* LanocastUITests.xctest */,
			);
			name = Products;
			sourceTree = "<group>";
		};
		DBA2CA711C1264FA008256A4 /* Lanocast */ = {
			isa = PBXGroup;
			children = (
				DBA2CA721C1264FA008256A4 /* AppDelegate.swift */,
				DBA2CAE91C126A1D008256A4 /* NetworkingController.swift */,
				DBA2CAEB1C126A3C008256A4 /* Model */,
				DBA2CAEC1C126A5A008256A4 /* View */,
				DBA2CAED1C126A62008256A4 /* Controller */,
				DBA2CA801C1264FA008256A4 /* Info.plist */,
			);
			path = Lanocast;
			sourceTree = "<group>";
		};
		DBA2CA881C1264FA008256A4 /* LanocastTests */ = {
			isa = PBXGroup;
			children = (
				DBA2CA891C1264FA008256A4 /* LanocastTests.swift */,
				DBA2CA8B1C1264FA008256A4 /* Info.plist */,
			);
			path = LanocastTests;
			sourceTree = "<group>";
		};
		DBA2CA931C1264FA008256A4 /* LanocastUITests */ = {
			isa = PBXGroup;
			children = (
				DBA2CA941C1264FA008256A4 /* LanocastUITests.swift */,
				DBA2CA961C1264FA008256A4 /* Info.plist */,
			);
			path = LanocastUITests;
			sourceTree = "<group>";
		};
		DBA2CAEB1C126A3C008256A4 /* Model */ = {
			isa = PBXGroup;
			children = (
			);
			name = Model;
			path = ..;
			sourceTree = "<group>";
		};
		DBA2CAEC1C126A5A008256A4 /* View */ = {
			isa = PBXGroup;
			children = (
				DBA2CA781C1264FA008256A4 /* Main.storyboard */,
				DBA2CA7B1C1264FA008256A4 /* Assets.xcassets */,
				DBA2CA7D1C1264FA008256A4 /* LaunchScreen.storyboard */,
			);
			name = View;
			path = ..;
			sourceTree = "<group>";
		};
		DBA2CAED1C126A62008256A4 /* Controller */ = {
			isa = PBXGroup;
			children = (
				DBA2CAE11C1268B7008256A4 /* ViewController.swift */,
				DBA2CAE31C126935008256A4 /* SignupViewController.swift */,
				DBA2CAE51C126986008256A4 /* LoginViewController.swift */,
				DBA2CAE71C1269B5008256A4 /* ProfileViewController.swift */,
				DBA2CAEE1C126FB7008256A4 /* GalleryTableViewController.swift */,
				DBA2CAF01C126FCB008256A4 /* ActivityTableViewController.swift */,
			);
			name = Controller;
			path = ..;
			sourceTree = "<group>";
		};
		E2F8CDB8E44BC84EF0EE972D /* Pods */ = {
			isa = PBXGroup;
			children = (
				D47A19277478359AE3792012 /* Pods-Lanocast.debug.xcconfig */,
				E38665C563C6D09F7D1F3248 /* Pods-Lanocast.release.xcconfig */,
			);
			name = Pods;
			sourceTree = "<group>";
		};
		F5C22FEEA5363B24842CDB7F /* Frameworks */ = {
			isa = PBXGroup;
			children = (
				67D8113752A43D3570E5D7F3 /* Pods_Lanocast.framework */,
			);
			name = Frameworks;
			sourceTree = "<group>";
		};
/* End PBXGroup section */

/* Begin PBXNativeTarget section */
		DBA2CA6E1C1264FA008256A4 /* Lanocast */ = {
			isa = PBXNativeTarget;
			buildConfigurationList = DBA2CA991C1264FA008256A4 /* Build configuration list for PBXNativeTarget "Lanocast" */;
			buildPhases = (
				1C254336DA09EBD5A68B0F4A /* Check Pods Manifest.lock */,
				DBA2CA6B1C1264FA008256A4 /* Sources */,
				DBA2CA6C1C1264FA008256A4 /* Frameworks */,
				DBA2CA6D1C1264FA008256A4 /* Resources */,
				B1FF7C9C4B987CF58F8CE887 /* Embed Pods Frameworks */,
				AA54A1E7F7278AC64B5BAFF8 /* Copy Pods Resources */,
			);
			buildRules = (
			);
			dependencies = (
			);
			name = Lanocast;
			productName = Lanocast;
			productReference = DBA2CA6F1C1264FA008256A4 /* Lanocast.app */;
			productType = "com.apple.product-type.application";
		};
		DBA2CA841C1264FA008256A4 /* LanocastTests */ = {
			isa = PBXNativeTarget;
			buildConfigurationList = DBA2CA9C1C1264FA008256A4 /* Build configuration list for PBXNativeTarget "LanocastTests" */;
			buildPhases = (
				DBA2CA811C1264FA008256A4 /* Sources */,
				DBA2CA821C1264FA008256A4 /* Frameworks */,
				DBA2CA831C1264FA008256A4 /* Resources */,
			);
			buildRules = (
			);
			dependencies = (
				DBA2CA871C1264FA008256A4 /* PBXTargetDependency */,
			);
			name = LanocastTests;
			productName = LanocastTests;
			productReference = DBA2CA851C1264FA008256A4 /* LanocastTests.xctest */;
			productType = "com.apple.product-type.bundle.unit-test";
		};
		DBA2CA8F1C1264FA008256A4 /* LanocastUITests */ = {
			isa = PBXNativeTarget;
			buildConfigurationList = DBA2CA9F1C1264FA008256A4 /* Build configuration list for PBXNativeTarget "LanocastUITests" */;
			buildPhases = (
				DBA2CA8C1C1264FA008256A4 /* Sources */,
				DBA2CA8D1C1264FA008256A4 /* Frameworks */,
				DBA2CA8E1C1264FA008256A4 /* Resources */,
			);
			buildRules = (
			);
			dependencies = (
				DBA2CA921C1264FA008256A4 /* PBXTargetDependency */,
			);
			name = LanocastUITests;
			productName = LanocastUITests;
			productReference = DBA2CA901C1264FA008256A4 /* LanocastUITests.xctest */;
			productType = "com.apple.product-type.bundle.ui-testing";
		};
/* End PBXNativeTarget section */

/* Begin PBXProject section */
		DBA2CA671C1264FA008256A4 /* Project object */ = {
			isa = PBXProject;
			attributes = {
				LastSwiftUpdateCheck = 0710;
				LastUpgradeCheck = 0710;
				ORGANIZATIONNAME = Lanocast;
				TargetAttributes = {
					DBA2CA6E1C1264FA008256A4 = {
						CreatedOnToolsVersion = 7.1.1;
					};
					DBA2CA841C1264FA008256A4 = {
						CreatedOnToolsVersion = 7.1.1;
						TestTargetID = DBA2CA6E1C1264FA008256A4;
					};
					DBA2CA8F1C1264FA008256A4 = {
						CreatedOnToolsVersion = 7.1.1;
						TestTargetID = DBA2CA6E1C1264FA008256A4;
					};
				};
			};
			buildConfigurationList = DBA2CA6A1C1264FA008256A4 /* Build configuration list for PBXProject "Lanocast" */;
			compatibilityVersion = "Xcode 3.2";
			developmentRegion = English;
			hasScannedForEncodings = 0;
			knownRegions = (
				en,
				Base,
			);
			mainGroup = DBA2CA661C1264FA008256A4;
			productRefGroup = DBA2CA701C1264FA008256A4 /* Products */;
			projectDirPath = "";
			projectRoot = "";
			targets = (
				DBA2CA6E1C1264FA008256A4 /* Lanocast */,
				DBA2CA841C1264FA008256A4 /* LanocastTests */,
				DBA2CA8F1C1264FA008256A4 /* LanocastUITests */,
			);
		};
/* End PBXProject section */

/* Begin PBXResourcesBuildPhase section */
		DBA2CA6D1C1264FA008256A4 /* Resources */ = {
			isa = PBXResourcesBuildPhase;
			buildActionMask = 2147483647;
			files = (
				DBA2CA7F1C1264FA008256A4 /* LaunchScreen.storyboard in Resources */,
				DBA2CA7C1C1264FA008256A4 /* Assets.xcassets in Resources */,
				DBA2CA7A1C1264FA008256A4 /* Main.storyboard in Resources */,
			);
			runOnlyForDeploymentPostprocessing = 0;
		};
		DBA2CA831C1264FA008256A4 /* Resources */ = {
			isa = PBXResourcesBuildPhase;
			buildActionMask = 2147483647;
			files = (
			);
			runOnlyForDeploymentPostprocessing = 0;
		};
		DBA2CA8E1C1264FA008256A4 /* Resources */ = {
			isa = PBXResourcesBuildPhase;
			buildActionMask = 2147483647;
			files = (
			);
			runOnlyForDeploymentPostprocessing = 0;
		};
/* End PBXResourcesBuildPhase section */

/* Begin PBXShellScriptBuildPhase section */
		1C254336DA09EBD5A68B0F4A /* Check Pods Manifest.lock */ = {
			isa = PBXShellScriptBuildPhase;
			buildActionMask = 2147483647;
			files = (
			);
			inputPaths = (
			);
			name = "Check Pods Manifest.lock";
			outputPaths = (
			);
			runOnlyForDeploymentPostprocessing = 0;
			shellPath = /bin/sh;
			shellScript = "diff \"${PODS_ROOT}/../Podfile.lock\" \"${PODS_ROOT}/Manifest.lock\" > /dev/null\nif [[ $? != 0 ]] ; then\n    cat << EOM\nerror: The sandbox is not in sync with the Podfile.lock. Run 'pod install' or update your CocoaPods installation.\nEOM\n    exit 1\nfi\n";
			showEnvVarsInLog = 0;
		};
		AA54A1E7F7278AC64B5BAFF8 /* Copy Pods Resources */ = {
			isa = PBXShellScriptBuildPhase;
			buildActionMask = 2147483647;
			files = (
			);
			inputPaths = (
			);
			name = "Copy Pods Resources";
			outputPaths = (
			);
			runOnlyForDeploymentPostprocessing = 0;
			shellPath = /bin/sh;
			shellScript = "\"${SRCROOT}/Pods/Target Support Files/Pods-Lanocast/Pods-Lanocast-resources.sh\"\n";
			showEnvVarsInLog = 0;
		};
		B1FF7C9C4B987CF58F8CE887 /* Embed Pods Frameworks */ = {
			isa = PBXShellScriptBuildPhase;
			buildActionMask = 2147483647;
			files = (
			);
			inputPaths = (
			);
			name = "Embed Pods Frameworks";
			outputPaths = (
			);
			runOnlyForDeploymentPostprocessing = 0;
			shellPath = /bin/sh;
			shellScript = "\"${SRCROOT}/Pods/Target Support Files/Pods-Lanocast/Pods-Lanocast-frameworks.sh\"\n";
			showEnvVarsInLog = 0;
		};
/* End PBXShellScriptBuildPhase section */

/* Begin PBXSourcesBuildPhase section */
		DBA2CA6B1C1264FA008256A4 /* Sources */ = {
			isa = PBXSourcesBuildPhase;
			buildActionMask = 2147483647;
			files = (
				DBA2CAF11C126FCB008256A4 /* ActivityTableViewController.swift in Sources */,
				DBA2CAE61C126986008256A4 /* LoginViewController.swift in Sources */,
				DBA2CA731C1264FA008256A4 /* AppDelegate.swift in Sources */,
				DBA2CAE41C126935008256A4 /* SignupViewController.swift in Sources */,
				DBA2CAE81C1269B5008256A4 /* ProfileViewController.swift in Sources */,
				DBA2CAEA1C126A1D008256A4 /* NetworkingController.swift in Sources */,
				DBA2CAE21C1268B7008256A4 /* ViewController.swift in Sources */,
				DBA2CAEF1C126FB7008256A4 /* GalleryTableViewController.swift in Sources */,
			);
			runOnlyForDeploymentPostprocessing = 0;
		};
		DBA2CA811C1264FA008256A4 /* Sources */ = {
			isa = PBXSourcesBuildPhase;
			buildActionMask = 2147483647;
			files = (
				DBA2CA8A1C1264FA008256A4 /* LanocastTests.swift in Sources */,
			);
			runOnlyForDeploymentPostprocessing = 0;
		};
		DBA2CA8C1C1264FA008256A4 /* Sources */ = {
			isa = PBXSourcesBuildPhase;
			buildActionMask = 2147483647;
			files = (
				DBA2CA951C1264FA008256A4 /* LanocastUITests.swift in Sources */,
			);
			runOnlyForDeploymentPostprocessing = 0;
		};
/* End PBXSourcesBuildPhase section */

/* Begin PBXTargetDependency section */
		DBA2CA871C1264FA008256A4 /* PBXTargetDependency */ = {
			isa = PBXTargetDependency;
			target = DBA2CA6E1C1264FA008256A4 /* Lanocast */;
			targetProxy = DBA2CA861C1264FA008256A4 /* PBXContainerItemProxy */;
		};
		DBA2CA921C1264FA008256A4 /* PBXTargetDependency */ = {
			isa = PBXTargetDependency;
			target = DBA2CA6E1C1264FA008256A4 /* Lanocast */;
			targetProxy = DBA2CA911C1264FA008256A4 /* PBXContainerItemProxy */;
		};
/* End PBXTargetDependency section */

/* Begin PBXVariantGroup section */
		DBA2CA781C1264FA008256A4 /* Main.storyboard */ = {
			isa = PBXVariantGroup;
			children = (
				DBA2CA791C1264FA008256A4 /* Base */,
			);
			name = Main.storyboard;
			path = Lanocast;
			sourceTree = "<group>";
		};
		DBA2CA7D1C1264FA008256A4 /* LaunchScreen.storyboard */ = {
			isa = PBXVariantGroup;
			children = (
				DBA2CA7E1C1264FA008256A4 /* Base */,
			);
			name = LaunchScreen.storyboard;
			path = Lanocast;
			sourceTree = "<group>";
		};
/* End PBXVariantGroup section */

/* Begin XCBuildConfiguration section */
		DBA2CA971C1264FA008256A4 /* Debug */ = {
			isa = XCBuildConfiguration;
			buildSettings = {
				ALWAYS_SEARCH_USER_PATHS = NO;
				CLANG_CXX_LANGUAGE_STANDARD = "gnu++0x";
				CLANG_CXX_LIBRARY = "libc++";
				CLANG_ENABLE_MODULES = YES;
				CLANG_ENABLE_OBJC_ARC = YES;
				CLANG_WARN_BOOL_CONVERSION = YES;
				CLANG_WARN_CONSTANT_CONVERSION = YES;
				CLANG_WARN_DIRECT_OBJC_ISA_USAGE = YES_ERROR;
				CLANG_WARN_EMPTY_BODY = YES;
				CLANG_WARN_ENUM_CONVERSION = YES;
				CLANG_WARN_INT_CONVERSION = YES;
				CLANG_WARN_OBJC_ROOT_CLASS = YES_ERROR;
				CLANG_WARN_UNREACHABLE_CODE = YES;
				CLANG_WARN__DUPLICATE_METHOD_MATCH = YES;
				"CODE_SIGN_IDENTITY[sdk=iphoneos*]" = "iPhone Developer";
				COPY_PHASE_STRIP = NO;
				DEBUG_INFORMATION_FORMAT = dwarf;
				ENABLE_STRICT_OBJC_MSGSEND = YES;
				ENABLE_TESTABILITY = YES;
				GCC_C_LANGUAGE_STANDARD = gnu99;
				GCC_DYNAMIC_NO_PIC = NO;
				GCC_NO_COMMON_BLOCKS = YES;
				GCC_OPTIMIZATION_LEVEL = 0;
				GCC_PREPROCESSOR_DEFINITIONS = (
					"DEBUG=1",
					"$(inherited)",
				);
				GCC_WARN_64_TO_32_BIT_CONVERSION = YES;
				GCC_WARN_ABOUT_RETURN_TYPE = YES_ERROR;
				GCC_WARN_UNDECLARED_SELECTOR = YES;
				GCC_WARN_UNINITIALIZED_AUTOS = YES_AGGRESSIVE;
				GCC_WARN_UNUSED_FUNCTION = YES;
				GCC_WARN_UNUSED_VARIABLE = YES;
				IPHONEOS_DEPLOYMENT_TARGET = 9.1;
				MTL_ENABLE_DEBUG_INFO = YES;
				ONLY_ACTIVE_ARCH = YES;
				SDKROOT = iphoneos;
				SWIFT_OPTIMIZATION_LEVEL = "-Onone";
			};
			name = Debug;
		};
		DBA2CA981C1264FA008256A4 /* Release */ = {
			isa = XCBuildConfiguration;
			buildSettings = {
				ALWAYS_SEARCH_USER_PATHS = NO;
				CLANG_CXX_LANGUAGE_STANDARD = "gnu++0x";
				CLANG_CXX_LIBRARY = "libc++";
				CLANG_ENABLE_MODULES = YES;
				CLANG_ENABLE_OBJC_ARC = YES;
				CLANG_WARN_BOOL_CONVERSION = YES;
				CLANG_WARN_CONSTANT_CONVERSION = YES;
				CLANG_WARN_DIRECT_OBJC_ISA_USAGE = YES_ERROR;
				CLANG_WARN_EMPTY_BODY = YES;
				CLANG_WARN_ENUM_CONVERSION = YES;
				CLANG_WARN_INT_CONVERSION = YES;
				CLANG_WARN_OBJC_ROOT_CLASS = YES_ERROR;
				CLANG_WARN_UNREACHABLE_CODE = YES;
				CLANG_WARN__DUPLICATE_METHOD_MATCH = YES;
				"CODE_SIGN_IDENTITY[sdk=iphoneos*]" = "iPhone Developer";
				COPY_PHASE_STRIP = NO;
				DEBUG_INFORMATION_FORMAT = "dwarf-with-dsym";
				ENABLE_NS_ASSERTIONS = NO;
				ENABLE_STRICT_OBJC_MSGSEND = YES;
				GCC_C_LANGUAGE_STANDARD = gnu99;
				GCC_NO_COMMON_BLOCKS = YES;
				GCC_WARN_64_TO_32_BIT_CONVERSION = YES;
				GCC_WARN_ABOUT_RETURN_TYPE = YES_ERROR;
				GCC_WARN_UNDECLARED_SELECTOR = YES;
				GCC_WARN_UNINITIALIZED_AUTOS = YES_AGGRESSIVE;
				GCC_WARN_UNUSED_FUNCTION = YES;
				GCC_WARN_UNUSED_VARIABLE = YES;
				IPHONEOS_DEPLOYMENT_TARGET = 9.1;
				MTL_ENABLE_DEBUG_INFO = NO;
				SDKROOT = iphoneos;
				VALIDATE_PRODUCT = YES;
			};
			name = Release;
		};
		DBA2CA9A1C1264FA008256A4 /* Debug */ = {
			isa = XCBuildConfiguration;
			baseConfigurationReference = D47A19277478359AE3792012 /* Pods-Lanocast.debug.xcconfig */;
			buildSettings = {
				ASSETCATALOG_COMPILER_APPICON_NAME = AppIcon;
				INFOPLIST_FILE = Lanocast/Info.plist;
				LD_RUNPATH_SEARCH_PATHS = "$(inherited) @executable_path/Frameworks";
				PRODUCT_BUNDLE_IDENTIFIER = com.lanocast.Lanocast;
				PRODUCT_NAME = "$(TARGET_NAME)";
			};
			name = Debug;
		};
		DBA2CA9B1C1264FA008256A4 /* Release */ = {
			isa = XCBuildConfiguration;
			baseConfigurationReference = E38665C563C6D09F7D1F3248 /* Pods-Lanocast.release.xcconfig */;
			buildSettings = {
				ASSETCATALOG_COMPILER_APPICON_NAME = AppIcon;
				INFOPLIST_FILE = Lanocast/Info.plist;
				LD_RUNPATH_SEARCH_PATHS = "$(inherited) @executable_path/Frameworks";
				PRODUCT_BUNDLE_IDENTIFIER = com.lanocast.Lanocast;
				PRODUCT_NAME = "$(TARGET_NAME)";
			};
			name = Release;
		};
		DBA2CA9D1C1264FA008256A4 /* Debug */ = {
			isa = XCBuildConfiguration;
			buildSettings = {
				BUNDLE_LOADER = "$(TEST_HOST)";
				INFOPLIST_FILE = LanocastTests/Info.plist;
				LD_RUNPATH_SEARCH_PATHS = "$(inherited) @executable_path/Frameworks @loader_path/Frameworks";
				PRODUCT_BUNDLE_IDENTIFIER = com.lanocast.LanocastTests;
				PRODUCT_NAME = "$(TARGET_NAME)";
				TEST_HOST = "$(BUILT_PRODUCTS_DIR)/Lanocast.app/Lanocast";
			};
			name = Debug;
		};
		DBA2CA9E1C1264FA008256A4 /* Release */ = {
			isa = XCBuildConfiguration;
			buildSettings = {
				BUNDLE_LOADER = "$(TEST_HOST)";
				INFOPLIST_FILE = LanocastTests/Info.plist;
				LD_RUNPATH_SEARCH_PATHS = "$(inherited) @executable_path/Frameworks @loader_path/Frameworks";
				PRODUCT_BUNDLE_IDENTIFIER = com.lanocast.LanocastTests;
				PRODUCT_NAME = "$(TARGET_NAME)";
				TEST_HOST = "$(BUILT_PRODUCTS_DIR)/Lanocast.app/Lanocast";
			};
			name = Release;
		};
		DBA2CAA01C1264FA008256A4 /* Debug */ = {
			isa = XCBuildConfiguration;
			buildSettings = {
				INFOPLIST_FILE = LanocastUITests/Info.plist;
				LD_RUNPATH_SEARCH_PATHS = "$(inherited) @executable_path/Frameworks @loader_path/Frameworks";
				PRODUCT_BUNDLE_IDENTIFIER = com.lanocast.LanocastUITests;
				PRODUCT_NAME = "$(TARGET_NAME)";
				TEST_TARGET_NAME = Lanocast;
				USES_XCTRUNNER = YES;
			};
			name = Debug;
		};
		DBA2CAA11C1264FA008256A4 /* Release */ = {
			isa = XCBuildConfiguration;
			buildSettings = {
				INFOPLIST_FILE = LanocastUITests/Info.plist;
				LD_RUNPATH_SEARCH_PATHS = "$(inherited) @executable_path/Frameworks @loader_path/Frameworks";
				PRODUCT_BUNDLE_IDENTIFIER = com.lanocast.LanocastUITests;
				PRODUCT_NAME = "$(TARGET_NAME)";
				TEST_TARGET_NAME = Lanocast;
				USES_XCTRUNNER = YES;
			};
			name = Release;
		};
/* End XCBuildConfiguration section */

/* Begin XCConfigurationList section */
		DBA2CA6A1C1264FA008256A4 /* Build configuration list for PBXProject "Lanocast" */ = {
			isa = XCConfigurationList;
			buildConfigurations = (
				DBA2CA971C1264FA008256A4 /* Debug */,
				DBA2CA981C1264FA008256A4 /* Release */,
			);
			defaultConfigurationIsVisible = 0;
			defaultConfigurationName = Release;
		};
		DBA2CA991C1264FA008256A4 /* Build configuration list for PBXNativeTarget "Lanocast" */ = {
			isa = XCConfigurationList;
			buildConfigurations = (
				DBA2CA9A1C1264FA008256A4 /* Debug */,
				DBA2CA9B1C1264FA008256A4 /* Release */,
			);
			defaultConfigurationIsVisible = 0;
			defaultConfigurationName = Release;
		};
		DBA2CA9C1C1264FA008256A4 /* Build configuration list for PBXNativeTarget "LanocastTests" */ = {
			isa = XCConfigurationList;
			buildConfigurations = (
				DBA2CA9D1C1264FA008256A4 /* Debug */,
				DBA2CA9E1C1264FA008256A4 /* Release */,
			);
			defaultConfigurationIsVisible = 0;
			defaultConfigurationName = Release;
		};
		DBA2CA9F1C1264FA008256A4 /* Build configuration list for PBXNativeTarget "LanocastUITests" */ = {
			isa = XCConfigurationList;
			buildConfigurations = (
				DBA2CAA01C1264FA008256A4 /* Debug */,
				DBA2CAA11C1264FA008256A4 /* Release */,
			);
			defaultConfigurationIsVisible = 0;
			defaultConfigurationName = Release;
		};
/* End XCConfigurationList section */
	};
	rootObject = DBA2CA671C1264FA008256A4 /* Project object */;
}
